
Microsoft Visual Studio Solution File, Format Version 12.00
# Visual Studio 14
VisualStudioVersion = 14.0.25420.1
MinimumVisualStudioVersion = 10.0.40219.1
Project("{FAE04EC0-301F-11D3-BF4B-00C04F79EFBC}") = "BuildingHome", "BuildingHome\BuildingHome.csproj", "{B45CD2C1-DCEE-4C1C-9138-2D33CAAAA474}"
EndProject
Project("{FAE04EC0-301F-11D3-BF4B-00C04F79EFBC}") = "HomeBuilding.lib", "HomeBuilding.lib\HomeBuilding.lib.csproj", "{B6E441B1-7A37-4F3F-903E-AC155DF74720}"
EndProject
Global
	GlobalSection(SolutionConfigurationPlatforms) = preSolution
		Debug|Any CPU = Debug|Any CPU
		Release|Any CPU = Release|Any CPU
	EndGlobalSection
	GlobalSection(ProjectConfigurationPlatforms) = postSolution
		{B45CD2C1-DCEE-4C1C-9138-2D33CAAAA474}.Debug|Any CPU.ActiveCfg = Debug|Any CPU
		{B45CD2C1-DCEE-4C1C-9138-2D33CAAAA474}.Debug|Any CPU.Build.0 = Debug|Any CPU
		{B45CD2C1-DCEE-4C1C-9138-2D33CAAAA474}.Release|Any CPU.ActiveCfg = Release|Any CPU
		{B45CD2C1-DCEE-4C1C-9138-2D33CAAAA474}.Release|Any CPU.Build.0 = Release|Any CPU
		{B6E441B1-7A37-4F3F-903E-AC155DF74720}.Debug|Any CPU.ActiveCfg = Debug|Any CPU
		{B6E441B1-7A37-4F3F-903E-AC155DF74720}.Debug|Any CPU.Build.0 = Debug|Any CPU
		{B6E441B1-7A37-4F3F-903E-AC155DF74720}.Release|Any CPU.ActiveCfg = Release|Any CPU
		{B6E441B1-7A37-4F3F-903E-AC155DF74720}.Release|Any CPU.Build.0 = Release|Any CPU
	EndGlobalSection
	GlobalSection(SolutionProperties) = preSolution
		HideSolutionNode = FALSE
	EndGlobalSection
EndGlobal
